{
  "name": "eleventy-plugin-shortlinks",
  "version": "0.2.0",
  "lockfileVersion": 2,
  "requires": true,
  "packages": {
    "": {
      "name": "eleventy-plugin-shortlinks",
      "version": "0.2.0",
      "license": "MIT",
      "dependencies": {
        "newbase60": "^1.3.1"
      }
    },
    "node_modules/newbase60": {
      "version": "1.3.1",
      "resolved": "https://registry.npmjs.org/newbase60/-/newbase60-1.3.1.tgz",
      "integrity": "sha1-SJmudCmp40kdYFfvcy5jkk+CkcY="
    }
  },
  "dependencies": {
    "newbase60": {
      "version": "1.3.1",
      "resolved": "https://registry.npmjs.org/newbase60/-/newbase60-1.3.1.tgz",
      "integrity": "sha1-SJmudCmp40kdYFfvcy5jkk+CkcY="
    }
  }
}
